
Microsoft Visual Studio Solution File, Format Version 12.00
# Visual Studio Version 17
VisualStudioVersion = 17.0.31919.166
MinimumVisualStudioVersion = 10.0.40219.1
Project("{FAE04EC0-301F-11D3-BF4B-00C04F79EFBC}") = "Project1_Api.Api", "Project1_Api.Api\Project1_Api.Api.csproj", "{7C3D0E90-1B1D-4B37-844F-97B14A3157C1}"
EndProject
Project("{FAE04EC0-301F-11D3-BF4B-00C04F79EFBC}") = "Project1_Api.DataStorage", "Project1_Api.DataStorage\Project1_Api.DataStorage.csproj", "{3C302770-10B2-4900-97FB-E635E937817B}"
EndProject
Global
	GlobalSection(SolutionConfigurationPlatforms) = preSolution
		Debug|Any CPU = Debug|Any CPU
		Release|Any CPU = Release|Any CPU
	EndGlobalSection
	GlobalSection(ProjectConfigurationPlatforms) = postSolution
		{7C3D0E90-1B1D-4B37-844F-97B14A3157C1}.Debug|Any CPU.ActiveCfg = Debug|Any CPU
		{7C3D0E90-1B1D-4B37-844F-97B14A3157C1}.Debug|Any CPU.Build.0 = Debug|Any CPU
		{7C3D0E90-1B1D-4B37-844F-97B14A3157C1}.Release|Any CPU.ActiveCfg = Release|Any CPU
		{7C3D0E90-1B1D-4B37-844F-97B14A3157C1}.Release|Any CPU.Build.0 = Release|Any CPU
		{3C302770-10B2-4900-97FB-E635E937817B}.Debug|Any CPU.ActiveCfg = Debug|Any CPU
		{3C302770-10B2-4900-97FB-E635E937817B}.Debug|Any CPU.Build.0 = Debug|Any CPU
		{3C302770-10B2-4900-97FB-E635E937817B}.Release|Any CPU.ActiveCfg = Release|Any CPU
		{3C302770-10B2-4900-97FB-E635E937817B}.Release|Any CPU.Build.0 = Release|Any CPU
	EndGlobalSection
	GlobalSection(SolutionProperties) = preSolution
		HideSolutionNode = FALSE
	EndGlobalSection
	GlobalSection(ExtensibilityGlobals) = postSolution
		SolutionGuid = {17B88559-DFCC-43DC-96DB-852EEECA53A0}
	EndGlobalSection
EndGlobal
