
Microsoft Visual Studio Solution File, Format Version 12.00
# Visual Studio Version 17
VisualStudioVersion = 17.0.31919.166
MinimumVisualStudioVersion = 10.0.40219.1
Project("{9A19103F-16F7-4668-BE54-9A1E7A4F7556}") = "Project1_App.App", "Project1_App.App\Project1_App.App.csproj", "{31C0BFEF-6DDD-410C-B6A5-1C76B4DEF03A}"
EndProject
Project("{FAE04EC0-301F-11D3-BF4B-00C04F79EFBC}") = "Project1_App.Tests", "Project1_App.Tests\Project1_App.Tests.csproj", "{B6909CBC-AE19-4480-AC14-62FF0C14181F}"
EndProject
Global
	GlobalSection(SolutionConfigurationPlatforms) = preSolution
		Debug|Any CPU = Debug|Any CPU
		Release|Any CPU = Release|Any CPU
	EndGlobalSection
	GlobalSection(ProjectConfigurationPlatforms) = postSolution
		{31C0BFEF-6DDD-410C-B6A5-1C76B4DEF03A}.Debug|Any CPU.ActiveCfg = Debug|Any CPU
		{31C0BFEF-6DDD-410C-B6A5-1C76B4DEF03A}.Debug|Any CPU.Build.0 = Debug|Any CPU
		{31C0BFEF-6DDD-410C-B6A5-1C76B4DEF03A}.Release|Any CPU.ActiveCfg = Release|Any CPU
		{31C0BFEF-6DDD-410C-B6A5-1C76B4DEF03A}.Release|Any CPU.Build.0 = Release|Any CPU
		{B6909CBC-AE19-4480-AC14-62FF0C14181F}.Debug|Any CPU.ActiveCfg = Debug|Any CPU
		{B6909CBC-AE19-4480-AC14-62FF0C14181F}.Debug|Any CPU.Build.0 = Debug|Any CPU
		{B6909CBC-AE19-4480-AC14-62FF0C14181F}.Release|Any CPU.ActiveCfg = Release|Any CPU
		{B6909CBC-AE19-4480-AC14-62FF0C14181F}.Release|Any CPU.Build.0 = Release|Any CPU
	EndGlobalSection
	GlobalSection(SolutionProperties) = preSolution
		HideSolutionNode = FALSE
	EndGlobalSection
	GlobalSection(ExtensibilityGlobals) = postSolution
		SolutionGuid = {5CB2E64D-D965-4EA3-942D-97DC6FCC52B5}
	EndGlobalSection
EndGlobal
